// !$*UTF8*$!
{
	archiveVersion = 1;
	classes = {
	};
	objectVersion = 46;
	objects = {

/* Begin PBXBuildFile section */
		D79E723F1BEE0DC900CD8627 /* AppDelegate.swift in Sources */ = {isa = PBXBuildFile; fileRef = D79E723E1BEE0DC900CD8627 /* AppDelegate.swift */; };
		D79E72411BEE0DC900CD8627 /* MasterViewController.swift in Sources */ = {isa = PBXBuildFile; fileRef = D79E72401BEE0DC900CD8627 /* MasterViewController.swift */; };
		D79E72431BEE0DC900CD8627 /* DetailViewController.swift in Sources */ = {isa = PBXBuildFile; fileRef = D79E72421BEE0DC900CD8627 /* DetailViewController.swift */; };
		D79E72461BEE0DC900CD8627 /* Main.storyboard in Resources */ = {isa = PBXBuildFile; fileRef = D79E72441BEE0DC900CD8627 /* Main.storyboard */; };
		D79E72481BEE0DC900CD8627 /* Assets.xcassets in Resources */ = {isa = PBXBuildFile; fileRef = D79E72471BEE0DC900CD8627 /* Assets.xcassets */; };
		D79E724B1BEE0DC900CD8627 /* LaunchScreen.storyboard in Resources */ = {isa = PBXBuildFile; fileRef = D79E72491BEE0DC900CD8627 /* LaunchScreen.storyboard */; };
		D79E72561BEE0DC900CD8627 /* gsearchTests.swift in Sources */ = {isa = PBXBuildFile; fileRef = D79E72551BEE0DC900CD8627 /* gsearchTests.swift */; };
		D79E72611BEE0DC900CD8627 /* gsearchUITests.swift in Sources */ = {isa = PBXBuildFile; fileRef = D79E72601BEE0DC900CD8627 /* gsearchUITests.swift */; };
/* End PBXBuildFile section */

/* Begin PBXContainerItemProxy section */
		D79E72521BEE0DC900CD8627 /* PBXContainerItemProxy */ = {
			isa = PBXContainerItemProxy;
			containerPortal = D79E72331BEE0DC900CD8627 /* Project object */;
			proxyType = 1;
			remoteGlobalIDString = D79E723A1BEE0DC900CD8627;
			remoteInfo = gsearch;
		};
		D79E725D1BEE0DC900CD8627 /* PBXContainerItemProxy */ = {
			isa = PBXContainerItemProxy;
			containerPortal = D79E72331BEE0DC900CD8627 /* Project object */;
			proxyType = 1;
			remoteGlobalIDString = D79E723A1BEE0DC900CD8627;
			remoteInfo = gsearch;
		};
/* End PBXContainerItemProxy section */

/* Begin PBXFileReference section */
		D79E723B1BEE0DC900CD8627 /* gsearch.app */ = {isa = PBXFileReference; explicitFileType = wrapper.application; includeInIndex = 0; path = gsearch.app; sourceTree = BUILT_PRODUCTS_DIR; };
		D79E723E1BEE0DC900CD8627 /* AppDelegate.swift */ = {isa = PBXFileReference; lastKnownFileType = sourcecode.swift; path = AppDelegate.swift; sourceTree = "<group>"; };
		D79E72401BEE0DC900CD8627 /* MasterViewController.swift */ = {isa = PBXFileReference; lastKnownFileType = sourcecode.swift; path = MasterViewController.swift; sourceTree = "<group>"; };
		D79E72421BEE0DC900CD8627 /* DetailViewController.swift */ = {isa = PBXFileReference; lastKnownFileType = sourcecode.swift; path = DetailViewController.swift; sourceTree = "<group>"; };
		D79E72451BEE0DC900CD8627 /* Base */ = {isa = PBXFileReference; lastKnownFileType = file.storyboard; name = Base; path = Base.lproj/Main.storyboard; sourceTree = "<group>"; };
		D79E72471BEE0DC900CD8627 /* Assets.xcassets */ = {isa = PBXFileReference; lastKnownFileType = folder.assetcatalog; path = Assets.xcassets; sourceTree = "<group>"; };
		D79E724A1BEE0DC900CD8627 /* Base */ = {isa = PBXFileReference; lastKnownFileType = file.storyboard; name = Base; path = Base.lproj/LaunchScreen.storyboard; sourceTree = "<group>"; };
		D79E724C1BEE0DC900CD8627 /* Info.plist */ = {isa = PBXFileReference; lastKnownFileType = text.plist.xml; path = Info.plist; sourceTree = "<group>"; };
		D79E72511BEE0DC900CD8627 /* gsearchTests.xctest */ = {isa = PBXFileReference; explicitFileType = wrapper.cfbundle; includeInIndex = 0; path = gsearchTests.xctest; sourceTree = BUILT_PRODUCTS_DIR; };
		D79E72551BEE0DC900CD8627 /* gsearchTests.swift */ = {isa = PBXFileReference; lastKnownFileType = sourcecode.swift; path = gsearchTests.swift; sourceTree = "<group>"; };
		D79E72571BEE0DC900CD8627 /* Info.plist */ = {isa = PBXFileReference; lastKnownFileType = text.plist.xml; path = Info.plist; sourceTree = "<group>"; };
		D79E725C1BEE0DC900CD8627 /* gsearchUITests.xctest */ = {isa = PBXFileReference; explicitFileType = wrapper.cfbundle; includeInIndex = 0; path = gsearchUITests.xctest; sourceTree = BUILT_PRODUCTS_DIR; };
		D79E72601BEE0DC900CD8627 /* gsearchUITests.swift */ = {isa = PBXFileReference; lastKnownFileType = sourcecode.swift; path = gsearchUITests.swift; sourceTree = "<group>"; };
		D79E72621BEE0DC900CD8627 /* Info.plist */ = {isa = PBXFileReference; lastKnownFileType = text.plist.xml; path = Info.plist; sourceTree = "<group>"; };
/* End PBXFileReference section */

/* Begin PBXFrameworksBuildPhase section */
		D79E72381BEE0DC900CD8627 /* Frameworks */ = {
			isa = PBXFrameworksBuildPhase;
			buildActionMask = 2147483647;
			files = (
			);
			runOnlyForDeploymentPostprocessing = 0;
		};
		D79E724E1BEE0DC900CD8627 /* Frameworks */ = {
			isa = PBXFrameworksBuildPhase;
			buildActionMask = 2147483647;
			files = (
			);
			runOnlyForDeploymentPostprocessing = 0;
		};
		D79E72591BEE0DC900CD8627 /* Frameworks */ = {
			isa = PBXFrameworksBuildPhase;
			buildActionMask = 2147483647;
			files = (
			);
			runOnlyForDeploymentPostprocessing = 0;
		};
/* End PBXFrameworksBuildPhase section */

/* Begin PBXGroup section */
		D79E72321BEE0DC900CD8627 = {
			isa = PBXGroup;
			children = (
				D79E723D1BEE0DC900CD8627 /* gsearch */,
				D79E72541BEE0DC900CD8627 /* gsearchTests */,
				D79E725F1BEE0DC900CD8627 /* gsearchUITests */,
				D79E723C1BEE0DC900CD8627 /* Products */,
			);
			sourceTree = "<group>";
		};
		D79E723C1BEE0DC900CD8627 /* Products */ = {
			isa = PBXGroup;
			children = (
				D79E723B1BEE0DC900CD8627 /* gsearch.app */,
				D79E72511BEE0DC900CD8627 /* gsearchTests.xctest */,
				D79E725C1BEE0DC900CD8627 /* gsearchUITests.xctest */,
			);
			name = Products;
			sourceTree = "<group>";
		};
		D79E723D1BEE0DC900CD8627 /* gsearch */ = {
			isa = PBXGroup;
			children = (
				D79E723E1BEE0DC900CD8627 /* AppDelegate.swift */,
				D79E72401BEE0DC900CD8627 /* MasterViewController.swift */,
				D79E72421BEE0DC900CD8627 /* DetailViewController.swift */,
				D79E72441BEE0DC900CD8627 /* Main.storyboard */,
				D79E72471BEE0DC900CD8627 /* Assets.xcassets */,
				D79E72491BEE0DC900CD8627 /* LaunchScreen.storyboard */,
				D79E724C1BEE0DC900CD8627 /* Info.plist */,
			);
			path = gsearch;
			sourceTree = "<group>";
		};
		D79E72541BEE0DC900CD8627 /* gsearchTests */ = {
			isa = PBXGroup;
			children = (
				D79E72551BEE0DC900CD8627 /* gsearchTests.swift */,
				D79E72571BEE0DC900CD8627 /* Info.plist */,
			);
			path = gsearchTests;
			sourceTree = "<group>";
		};
		D79E725F1BEE0DC900CD8627 /* gsearchUITests */ = {
			isa = PBXGroup;
			children = (
				D79E72601BEE0DC900CD8627 /* gsearchUITests.swift */,
				D79E72621BEE0DC900CD8627 /* Info.plist */,
			);
			path = gsearchUITests;
			sourceTree = "<group>";
		};
/* End PBXGroup section */

/* Begin PBXNativeTarget section */
		D79E723A1BEE0DC900CD8627 /* gsearch */ = {
			isa = PBXNativeTarget;
			buildConfigurationList = D79E72651BEE0DC900CD8627 /* Build configuration list for PBXNativeTarget "gsearch" */;
			buildPhases = (
				D79E72371BEE0DC900CD8627 /* Sources */,
				D79E72381BEE0DC900CD8627 /* Frameworks */,
				D79E72391BEE0DC900CD8627 /* Resources */,
			);
			buildRules = (
			);
			dependencies = (
			);
			name = gsearch;
			productName = gsearch;
			productReference = D79E723B1BEE0DC900CD8627 /* gsearch.app */;
			productType = "com.apple.product-type.application";
		};
		D79E72501BEE0DC900CD8627 /* gsearchTests */ = {
			isa = PBXNativeTarget;
			buildConfigurationList = D79E72681BEE0DC900CD8627 /* Build configuration list for PBXNativeTarget "gsearchTests" */;
			buildPhases = (
				D79E724D1BEE0DC900CD8627 /* Sources */,
				D79E724E1BEE0DC900CD8627 /* Frameworks */,
				D79E724F1BEE0DC900CD8627 /* Resources */,
			);
			buildRules = (
			);
			dependencies = (
				D79E72531BEE0DC900CD8627 /* PBXTargetDependency */,
			);
			name = gsearchTests;
			productName = gsearchTests;
			productReference = D79E72511BEE0DC900CD8627 /* gsearchTests.xctest */;
			productType = "com.apple.product-type.bundle.unit-test";
		};
		D79E725B1BEE0DC900CD8627 /* gsearchUITests */ = {
			isa = PBXNativeTarget;
			buildConfigurationList = D79E726B1BEE0DC900CD8627 /* Build configuration list for PBXNativeTarget "gsearchUITests" */;
			buildPhases = (
				D79E72581BEE0DC900CD8627 /* Sources */,
				D79E72591BEE0DC900CD8627 /* Frameworks */,
				D79E725A1BEE0DC900CD8627 /* Resources */,
			);
			buildRules = (
			);
			dependencies = (
				D79E725E1BEE0DC900CD8627 /* PBXTargetDependency */,
			);
			name = gsearchUITests;
			productName = gsearchUITests;
			productReference = D79E725C1BEE0DC900CD8627 /* gsearchUITests.xctest */;
			productType = "com.apple.product-type.bundle.ui-testing";
		};
/* End PBXNativeTarget section */

/* Begin PBXProject section */
		D79E72331BEE0DC900CD8627 /* Project object */ = {
			isa = PBXProject;
			attributes = {
				LastSwiftUpdateCheck = 0710;
				LastUpgradeCheck = 0710;
				ORGANIZATIONNAME = kentana20;
				TargetAttributes = {
					D79E723A1BEE0DC900CD8627 = {
						CreatedOnToolsVersion = 7.1;
					};
					D79E72501BEE0DC900CD8627 = {
						CreatedOnToolsVersion = 7.1;
						TestTargetID = D79E723A1BEE0DC900CD8627;
					};
					D79E725B1BEE0DC900CD8627 = {
						CreatedOnToolsVersion = 7.1;
						TestTargetID = D79E723A1BEE0DC900CD8627;
					};
				};
			};
			buildConfigurationList = D79E72361BEE0DC900CD8627 /* Build configuration list for PBXProject "gsearch" */;
			compatibilityVersion = "Xcode 3.2";
			developmentRegion = English;
			hasScannedForEncodings = 0;
			knownRegions = (
				en,
				Base,
			);
			mainGroup = D79E72321BEE0DC900CD8627;
			productRefGroup = D79E723C1BEE0DC900CD8627 /* Products */;
			projectDirPath = "";
			projectRoot = "";
			targets = (
				D79E723A1BEE0DC900CD8627 /* gsearch */,
				D79E72501BEE0DC900CD8627 /* gsearchTests */,
				D79E725B1BEE0DC900CD8627 /* gsearchUITests */,
			);
		};
/* End PBXProject section */

/* Begin PBXResourcesBuildPhase section */
		D79E72391BEE0DC900CD8627 /* Resources */ = {
			isa = PBXResourcesBuildPhase;
			buildActionMask = 2147483647;
			files = (
				D79E724B1BEE0DC900CD8627 /* LaunchScreen.storyboard in Resources */,
				D79E72481BEE0DC900CD8627 /* Assets.xcassets in Resources */,
				D79E72461BEE0DC900CD8627 /* Main.storyboard in Resources */,
			);
			runOnlyForDeploymentPostprocessing = 0;
		};
		D79E724F1BEE0DC900CD8627 /* Resources */ = {
			isa = PBXResourcesBuildPhase;
			buildActionMask = 2147483647;
			files = (
			);
			runOnlyForDeploymentPostprocessing = 0;
		};
		D79E725A1BEE0DC900CD8627 /* Resources */ = {
			isa = PBXResourcesBuildPhase;
			buildActionMask = 2147483647;
			files = (
			);
			runOnlyForDeploymentPostprocessing = 0;
		};
/* End PBXResourcesBuildPhase section */

/* Begin PBXSourcesBuildPhase section */
		D79E72371BEE0DC900CD8627 /* Sources */ = {
			isa = PBXSourcesBuildPhase;
			buildActionMask = 2147483647;
			files = (
				D79E72431BEE0DC900CD8627 /* DetailViewController.swift in Sources */,
				D79E72411BEE0DC900CD8627 /* MasterViewController.swift in Sources */,
				D79E723F1BEE0DC900CD8627 /* AppDelegate.swift in Sources */,
			);
			runOnlyForDeploymentPostprocessing = 0;
		};
		D79E724D1BEE0DC900CD8627 /* Sources */ = {
			isa = PBXSourcesBuildPhase;
			buildActionMask = 2147483647;
			files = (
				D79E72561BEE0DC900CD8627 /* gsearchTests.swift in Sources */,
			);
			runOnlyForDeploymentPostprocessing = 0;
		};
		D79E72581BEE0DC900CD8627 /* Sources */ = {
			isa = PBXSourcesBuildPhase;
			buildActionMask = 2147483647;
			files = (
				D79E72611BEE0DC900CD8627 /* gsearchUITests.swift in Sources */,
			);
			runOnlyForDeploymentPostprocessing = 0;
		};
/* End PBXSourcesBuildPhase section */

/* Begin PBXTargetDependency section */
		D79E72531BEE0DC900CD8627 /* PBXTargetDependency */ = {
			isa = PBXTargetDependency;
			target = D79E723A1BEE0DC900CD8627 /* gsearch */;
			targetProxy = D79E72521BEE0DC900CD8627 /* PBXContainerItemProxy */;
		};
		D79E725E1BEE0DC900CD8627 /* PBXTargetDependency */ = {
			isa = PBXTargetDependency;
			target = D79E723A1BEE0DC900CD8627 /* gsearch */;
			targetProxy = D79E725D1BEE0DC900CD8627 /* PBXContainerItemProxy */;
		};
/* End PBXTargetDependency section */

/* Begin PBXVariantGroup section */
		D79E72441BEE0DC900CD8627 /* Main.storyboard */ = {
			isa = PBXVariantGroup;
			children = (
				D79E72451BEE0DC900CD8627 /* Base */,
			);
			name = Main.storyboard;
			sourceTree = "<group>";
		};
		D79E72491BEE0DC900CD8627 /* LaunchScreen.storyboard */ = {
			isa = PBXVariantGroup;
			children = (
				D79E724A1BEE0DC900CD8627 /* Base */,
			);
			name = LaunchScreen.storyboard;
			sourceTree = "<group>";
		};
/* End PBXVariantGroup section */

/* Begin XCBuildConfiguration section */
		D79E72631BEE0DC900CD8627 /* Debug */ = {
			isa = XCBuildConfiguration;
			buildSettings = {
				ALWAYS_SEARCH_USER_PATHS = NO;
				CLANG_CXX_LANGUAGE_STANDARD = "gnu++0x";
				CLANG_CXX_LIBRARY = "libc++";
				CLANG_ENABLE_MODULES = YES;
				CLANG_ENABLE_OBJC_ARC = YES;
				CLANG_WARN_BOOL_CONVERSION = YES;
				CLANG_WARN_CONSTANT_CONVERSION = YES;
				CLANG_WARN_DIRECT_OBJC_ISA_USAGE = YES_ERROR;
				CLANG_WARN_EMPTY_BODY = YES;
				CLANG_WARN_ENUM_CONVERSION = YES;
				CLANG_WARN_INT_CONVERSION = YES;
				CLANG_WARN_OBJC_ROOT_CLASS = YES_ERROR;
				CLANG_WARN_UNREACHABLE_CODE = YES;
				CLANG_WARN__DUPLICATE_METHOD_MATCH = YES;
				"CODE_SIGN_IDENTITY[sdk=iphoneos*]" = "iPhone Developer";
				COPY_PHASE_STRIP = NO;
				DEBUG_INFORMATION_FORMAT = dwarf;
				ENABLE_STRICT_OBJC_MSGSEND = YES;
				ENABLE_TESTABILITY = YES;
				GCC_C_LANGUAGE_STANDARD = gnu99;
				GCC_DYNAMIC_NO_PIC = NO;
				GCC_NO_COMMON_BLOCKS = YES;
				GCC_OPTIMIZATION_LEVEL = 0;
				GCC_PREPROCESSOR_DEFINITIONS = (
					"DEBUG=1",
					"$(inherited)",
				);
				GCC_WARN_64_TO_32_BIT_CONVERSION = YES;
				GCC_WARN_ABOUT_RETURN_TYPE = YES_ERROR;
				GCC_WARN_UNDECLARED_SELECTOR = YES;
				GCC_WARN_UNINITIALIZED_AUTOS = YES_AGGRESSIVE;
				GCC_WARN_UNUSED_FUNCTION = YES;
				GCC_WARN_UNUSED_VARIABLE = YES;
				IPHONEOS_DEPLOYMENT_TARGET = 9.1;
				MTL_ENABLE_DEBUG_INFO = YES;
				ONLY_ACTIVE_ARCH = YES;
				SDKROOT = iphoneos;
				SWIFT_OPTIMIZATION_LEVEL = "-Onone";
				TARGETED_DEVICE_FAMILY = "1,2";
			};
			name = Debug;
		};
		D79E72641BEE0DC900CD8627 /* Release */ = {
			isa = XCBuildConfiguration;
			buildSettings = {
				ALWAYS_SEARCH_USER_PATHS = NO;
				CLANG_CXX_LANGUAGE_STANDARD = "gnu++0x";
				CLANG_CXX_LIBRARY = "libc++";
				CLANG_ENABLE_MODULES = YES;
				CLANG_ENABLE_OBJC_ARC = YES;
				CLANG_WARN_BOOL_CONVERSION = YES;
				CLANG_WARN_CONSTANT_CONVERSION = YES;
				CLANG_WARN_DIRECT_OBJC_ISA_USAGE = YES_ERROR;
				CLANG_WARN_EMPTY_BODY = YES;
				CLANG_WARN_ENUM_CONVERSION = YES;
				CLANG_WARN_INT_CONVERSION = YES;
				CLANG_WARN_OBJC_ROOT_CLASS = YES_ERROR;
				CLANG_WARN_UNREACHABLE_CODE = YES;
				CLANG_WARN__DUPLICATE_METHOD_MATCH = YES;
				"CODE_SIGN_IDENTITY[sdk=iphoneos*]" = "iPhone Developer";
				COPY_PHASE_STRIP = NO;
				DEBUG_INFORMATION_FORMAT = "dwarf-with-dsym";
				ENABLE_NS_ASSERTIONS = NO;
				ENABLE_STRICT_OBJC_MSGSEND = YES;
				GCC_C_LANGUAGE_STANDARD = gnu99;
				GCC_NO_COMMON_BLOCKS = YES;
				GCC_WARN_64_TO_32_BIT_CONVERSION = YES;
				GCC_WARN_ABOUT_RETURN_TYPE = YES_ERROR;
				GCC_WARN_UNDECLARED_SELECTOR = YES;
				GCC_WARN_UNINITIALIZED_AUTOS = YES_AGGRESSIVE;
				GCC_WARN_UNUSED_FUNCTION = YES;
				GCC_WARN_UNUSED_VARIABLE = YES;
				IPHONEOS_DEPLOYMENT_TARGET = 9.1;
				MTL_ENABLE_DEBUG_INFO = NO;
				SDKROOT = iphoneos;
				TARGETED_DEVICE_FAMILY = "1,2";
				VALIDATE_PRODUCT = YES;
			};
			name = Release;
		};
		D79E72661BEE0DC900CD8627 /* Debug */ = {
			isa = XCBuildConfiguration;
			buildSettings = {
				ASSETCATALOG_COMPILER_APPICON_NAME = AppIcon;
				INFOPLIST_FILE = gsearch/Info.plist;
				LD_RUNPATH_SEARCH_PATHS = "$(inherited) @executable_path/Frameworks";
				PRODUCT_BUNDLE_IDENTIFIER = com.kentana20.gsearch;
				PRODUCT_NAME = "$(TARGET_NAME)";
			};
			name = Debug;
		};
		D79E72671BEE0DC900CD8627 /* Release */ = {
			isa = XCBuildConfiguration;
			buildSettings = {
				ASSETCATALOG_COMPILER_APPICON_NAME = AppIcon;
				INFOPLIST_FILE = gsearch/Info.plist;
				LD_RUNPATH_SEARCH_PATHS = "$(inherited) @executable_path/Frameworks";
				PRODUCT_BUNDLE_IDENTIFIER = com.kentana20.gsearch;
				PRODUCT_NAME = "$(TARGET_NAME)";
			};
			name = Release;
		};
		D79E72691BEE0DC900CD8627 /* Debug */ = {
			isa = XCBuildConfiguration;
			buildSettings = {
				BUNDLE_LOADER = "$(TEST_HOST)";
				INFOPLIST_FILE = gsearchTests/Info.plist;
				LD_RUNPATH_SEARCH_PATHS = "$(inherited) @executable_path/Frameworks @loader_path/Frameworks";
				PRODUCT_BUNDLE_IDENTIFIER = com.kentana20.gsearchTests;
				PRODUCT_NAME = "$(TARGET_NAME)";
				TEST_HOST = "$(BUILT_PRODUCTS_DIR)/gsearch.app/gsearch";
			};
			name = Debug;
		};
		D79E726A1BEE0DC900CD8627 /* Release */ = {
			isa = XCBuildConfiguration;
			buildSettings = {
				BUNDLE_LOADER = "$(TEST_HOST)";
				INFOPLIST_FILE = gsearchTests/Info.plist;
				LD_RUNPATH_SEARCH_PATHS = "$(inherited) @executable_path/Frameworks @loader_path/Frameworks";
				PRODUCT_BUNDLE_IDENTIFIER = com.kentana20.gsearchTests;
				PRODUCT_NAME = "$(TARGET_NAME)";
				TEST_HOST = "$(BUILT_PRODUCTS_DIR)/gsearch.app/gsearch";
			};
			name = Release;
		};
		D79E726C1BEE0DC900CD8627 /* Debug */ = {
			isa = XCBuildConfiguration;
			buildSettings = {
				INFOPLIST_FILE = gsearchUITests/Info.plist;
				LD_RUNPATH_SEARCH_PATHS = "$(inherited) @executable_path/Frameworks @loader_path/Frameworks";
				PRODUCT_BUNDLE_IDENTIFIER = com.kentana20.gsearchUITests;
				PRODUCT_NAME = "$(TARGET_NAME)";
				TEST_TARGET_NAME = gsearch;
				USES_XCTRUNNER = YES;
			};
			name = Debug;
		};
		D79E726D1BEE0DC900CD8627 /* Release */ = {
			isa = XCBuildConfiguration;
			buildSettings = {
				INFOPLIST_FILE = gsearchUITests/Info.plist;
				LD_RUNPATH_SEARCH_PATHS = "$(inherited) @executable_path/Frameworks @loader_path/Frameworks";
				PRODUCT_BUNDLE_IDENTIFIER = com.kentana20.gsearchUITests;
				PRODUCT_NAME = "$(TARGET_NAME)";
				TEST_TARGET_NAME = gsearch;
				USES_XCTRUNNER = YES;
			};
			name = Release;
		};
/* End XCBuildConfiguration section */

/* Begin XCConfigurationList section */
		D79E72361BEE0DC900CD8627 /* Build configuration list for PBXProject "gsearch" */ = {
			isa = XCConfigurationList;
			buildConfigurations = (
				D79E72631BEE0DC900CD8627 /* Debug */,
				D79E72641BEE0DC900CD8627 /* Release */,
			);
			defaultConfigurationIsVisible = 0;
			defaultConfigurationName = Release;
		};
		D79E72651BEE0DC900CD8627 /* Build configuration list for PBXNativeTarget "gsearch" */ = {
			isa = XCConfigurationList;
			buildConfigurations = (
				D79E72661BEE0DC900CD8627 /* Debug */,
				D79E72671BEE0DC900CD8627 /* Release */,
			);
			defaultConfigurationIsVisible = 0;
		};
		D79E72681BEE0DC900CD8627 /* Build configuration list for PBXNativeTarget "gsearchTests" */ = {
			isa = XCConfigurationList;
			buildConfigurations = (
				D79E72691BEE0DC900CD8627 /* Debug */,
				D79E726A1BEE0DC900CD8627 /* Release */,
			);
			defaultConfigurationIsVisible = 0;
		};
		D79E726B1BEE0DC900CD8627 /* Build configuration list for PBXNativeTarget "gsearchUITests" */ = {
			isa = XCConfigurationList;
			buildConfigurations = (
				D79E726C1BEE0DC900CD8627 /* Debug */,
				D79E726D1BEE0DC900CD8627 /* Release */,
			);
			defaultConfigurationIsVisible = 0;
		};
/* End XCConfigurationList section */
	};
	rootObject = D79E72331BEE0DC900CD8627 /* Project object */;
}
